
Microsoft Visual Studio Solution File, Format Version 12.00
# Visual Studio Version 17
VisualStudioVersion = 17.14.36121.58
MinimumVisualStudioVersion = 10.0.40219.1
Project("{FAE04EC0-301F-11D3-BF4B-00C04F79EFBC}") = "TABP.API", "TABP.API\TABP.API.csproj", "{32731E25-A2C0-456F-BF58-C9A6DB3EFF5E}"
EndProject
Project("{2150E333-8FDC-42A3-9474-1A3956D46DE8}") = "src", "src", "{02EA681E-C7D8-13C7-8484-4AC65E1B71E8}"
EndProject
Project("{2150E333-8FDC-42A3-9474-1A3956D46DE8}") = "tests", "tests", "{B0CC6559-0F3C-468A-ACC4-B8191776FA2E}"
EndProject
Project("{FAE04EC0-301F-11D3-BF4B-00C04F79EFBC}") = "TABP.Domain", "TABP.Domain\TABP.Domain.csproj", "{86353365-4555-41AC-AD13-7FAC0A59A62B}"
EndProject
Project("{FAE04EC0-301F-11D3-BF4B-00C04F79EFBC}") = "TABP.Application", "TABP.Application\TABP.Application.csproj", "{6B201D5C-5265-47F7-82C3-D53E6765AF02}"
EndProject
Project("{FAE04EC0-301F-11D3-BF4B-00C04F79EFBC}") = "TABP.Infrastructure", "TABP.Infrastructure\TABP.Infrastructure.csproj", "{2DD6C49B-0F02-4165-A345-F342AA3127A8}"
EndProject
Project("{FAE04EC0-301F-11D3-BF4B-00C04F79EFBC}") = "TABP.Persistence", "TABP.Persistence\TABP.Persistence.csproj", "{3151680C-723E-4239-B421-00E20E6BCA2E}"
EndProject
Project("{FAE04EC0-301F-11D3-BF4B-00C04F79EFBC}") = "TABP.Application.Tests", "TABP.Application.Tests\TABP.Application.Tests.csproj", "{2319C187-33ED-4E9B-A938-5717D97FCDF8}"
EndProject
Project("{2150E333-8FDC-42A3-9474-1A3956D46DE8}") = "TABP.UnitTests", "TABP.UnitTests", "{D8CB9354-E49B-4EE8-992F-5D40365EF327}"
EndProject
Project("{2150E333-8FDC-42A3-9474-1A3956D46DE8}") = "TABP.IntegrationTests", "TABP.IntegrationTests", "{62B21F75-AA71-40C8-8C40-2A8BBC516B11}"
EndProject
Project("{FAE04EC0-301F-11D3-BF4B-00C04F79EFBC}") = "Application.IntegrationTests", "Application.IntegrationTests\Application.IntegrationTests.csproj", "{D848B26F-3B92-4A01-913C-D2FA3951A858}"
EndProject
Global
	GlobalSection(SolutionConfigurationPlatforms) = preSolution
		Debug|Any CPU = Debug|Any CPU
		Release|Any CPU = Release|Any CPU
	EndGlobalSection
	GlobalSection(ProjectConfigurationPlatforms) = postSolution
		{32731E25-A2C0-456F-BF58-C9A6DB3EFF5E}.Debug|Any CPU.ActiveCfg = Debug|Any CPU
		{32731E25-A2C0-456F-BF58-C9A6DB3EFF5E}.Debug|Any CPU.Build.0 = Debug|Any CPU
		{32731E25-A2C0-456F-BF58-C9A6DB3EFF5E}.Release|Any CPU.ActiveCfg = Release|Any CPU
		{32731E25-A2C0-456F-BF58-C9A6DB3EFF5E}.Release|Any CPU.Build.0 = Release|Any CPU
		{86353365-4555-41AC-AD13-7FAC0A59A62B}.Debug|Any CPU.ActiveCfg = Debug|Any CPU
		{86353365-4555-41AC-AD13-7FAC0A59A62B}.Debug|Any CPU.Build.0 = Debug|Any CPU
		{86353365-4555-41AC-AD13-7FAC0A59A62B}.Release|Any CPU.ActiveCfg = Release|Any CPU
		{86353365-4555-41AC-AD13-7FAC0A59A62B}.Release|Any CPU.Build.0 = Release|Any CPU
		{6B201D5C-5265-47F7-82C3-D53E6765AF02}.Debug|Any CPU.ActiveCfg = Debug|Any CPU
		{6B201D5C-5265-47F7-82C3-D53E6765AF02}.Debug|Any CPU.Build.0 = Debug|Any CPU
		{6B201D5C-5265-47F7-82C3-D53E6765AF02}.Release|Any CPU.ActiveCfg = Release|Any CPU
		{6B201D5C-5265-47F7-82C3-D53E6765AF02}.Release|Any CPU.Build.0 = Release|Any CPU
		{2DD6C49B-0F02-4165-A345-F342AA3127A8}.Debug|Any CPU.ActiveCfg = Debug|Any CPU
		{2DD6C49B-0F02-4165-A345-F342AA3127A8}.Debug|Any CPU.Build.0 = Debug|Any CPU
		{2DD6C49B-0F02-4165-A345-F342AA3127A8}.Release|Any CPU.ActiveCfg = Release|Any CPU
		{2DD6C49B-0F02-4165-A345-F342AA3127A8}.Release|Any CPU.Build.0 = Release|Any CPU
		{3151680C-723E-4239-B421-00E20E6BCA2E}.Debug|Any CPU.ActiveCfg = Debug|Any CPU
		{3151680C-723E-4239-B421-00E20E6BCA2E}.Debug|Any CPU.Build.0 = Debug|Any CPU
		{3151680C-723E-4239-B421-00E20E6BCA2E}.Release|Any CPU.ActiveCfg = Release|Any CPU
		{3151680C-723E-4239-B421-00E20E6BCA2E}.Release|Any CPU.Build.0 = Release|Any CPU
		{2319C187-33ED-4E9B-A938-5717D97FCDF8}.Debug|Any CPU.ActiveCfg = Debug|Any CPU
		{2319C187-33ED-4E9B-A938-5717D97FCDF8}.Debug|Any CPU.Build.0 = Debug|Any CPU
		{2319C187-33ED-4E9B-A938-5717D97FCDF8}.Release|Any CPU.ActiveCfg = Release|Any CPU
		{2319C187-33ED-4E9B-A938-5717D97FCDF8}.Release|Any CPU.Build.0 = Release|Any CPU
		{D848B26F-3B92-4A01-913C-D2FA3951A858}.Debug|Any CPU.ActiveCfg = Debug|Any CPU
		{D848B26F-3B92-4A01-913C-D2FA3951A858}.Debug|Any CPU.Build.0 = Debug|Any CPU
		{D848B26F-3B92-4A01-913C-D2FA3951A858}.Release|Any CPU.ActiveCfg = Release|Any CPU
		{D848B26F-3B92-4A01-913C-D2FA3951A858}.Release|Any CPU.Build.0 = Release|Any CPU
	EndGlobalSection
	GlobalSection(SolutionProperties) = preSolution
		HideSolutionNode = FALSE
	EndGlobalSection
	GlobalSection(NestedProjects) = preSolution
		{32731E25-A2C0-456F-BF58-C9A6DB3EFF5E} = {02EA681E-C7D8-13C7-8484-4AC65E1B71E8}
		{86353365-4555-41AC-AD13-7FAC0A59A62B} = {02EA681E-C7D8-13C7-8484-4AC65E1B71E8}
		{6B201D5C-5265-47F7-82C3-D53E6765AF02} = {02EA681E-C7D8-13C7-8484-4AC65E1B71E8}
		{2DD6C49B-0F02-4165-A345-F342AA3127A8} = {02EA681E-C7D8-13C7-8484-4AC65E1B71E8}
		{3151680C-723E-4239-B421-00E20E6BCA2E} = {02EA681E-C7D8-13C7-8484-4AC65E1B71E8}
		{2319C187-33ED-4E9B-A938-5717D97FCDF8} = {D8CB9354-E49B-4EE8-992F-5D40365EF327}
		{D8CB9354-E49B-4EE8-992F-5D40365EF327} = {B0CC6559-0F3C-468A-ACC4-B8191776FA2E}
		{62B21F75-AA71-40C8-8C40-2A8BBC516B11} = {B0CC6559-0F3C-468A-ACC4-B8191776FA2E}
		{D848B26F-3B92-4A01-913C-D2FA3951A858} = {62B21F75-AA71-40C8-8C40-2A8BBC516B11}
	EndGlobalSection
	GlobalSection(ExtensibilityGlobals) = postSolution
		SolutionGuid = {09FF4CC9-00CC-4848-9B32-972B1CD37670}
	EndGlobalSection
EndGlobal
